// !$*UTF8*$!
{
	archiveVersion = 1;
	classes = {
	};
	objectVersion = 56;
	objects = {

/* Begin PBXBuildFile section */
		A100000020 /* Sparkle in Frameworks */ = {isa = PBXBuildFile; productRef = SP00000002 /* Sparkle */; };
		A100000021 /* KeyboardShortcuts in Frameworks */ = {isa = PBXBuildFile; productRef = KS00000002 /* KeyboardShortcuts */; };
		A100000001 /* EsperApp.swift in Sources */ = {isa = PBXBuildFile; fileRef = B100000001; };
		A100000002 /* ProcessBridge.swift in Sources */ = {isa = PBXBuildFile; fileRef = B100000002; };
		A100000003 /* TranscriptionEngine.swift in Sources */ = {isa = PBXBuildFile; fileRef = B100000003; };
		A100000004 /* Protocol.swift in Sources */ = {isa = PBXBuildFile; fileRef = B100000004; };
		A100000005 /* AppSettings.swift in Sources */ = {isa = PBXBuildFile; fileRef = B100000005; };
		A100000006 /* MenuBarView.swift in Sources */ = {isa = PBXBuildFile; fileRef = B100000006; };
		A100000007 /* MainWindowView.swift in Sources */ = {isa = PBXBuildFile; fileRef = B100000007; };
		A100000008 /* TranscriptView.swift in Sources */ = {isa = PBXBuildFile; fileRef = B100000008; };
		A100000009 /* AudioLevelMeter.swift in Sources */ = {isa = PBXBuildFile; fileRef = B100000009; };
		A100000010 /* SettingsView.swift in Sources */ = {isa = PBXBuildFile; fileRef = B100000010; };
		A100000011 /* StatusBadge.swift in Sources */ = {isa = PBXBuildFile; fileRef = B100000011; };
		A100000012 /* Assets.xcassets in Resources */ = {isa = PBXBuildFile; fileRef = B100000012; };
		A100000013 /* KeychainHelper.swift in Sources */ = {isa = PBXBuildFile; fileRef = B100000014; };
		A100000014 /* OverlayPosition.swift in Sources */ = {isa = PBXBuildFile; fileRef = B100000015; };
		A100000015 /* TranscriptPanel.swift in Sources */ = {isa = PBXBuildFile; fileRef = B100000016; };
		A100000016 /* TranscriptOverlayView.swift in Sources */ = {isa = PBXBuildFile; fileRef = B100000017; };
		A100000017 /* OverlaySettingsTab.swift in Sources */ = {isa = PBXBuildFile; fileRef = B100000018; };
		A100000018 /* CheckForUpdatesView.swift in Sources */ = {isa = PBXBuildFile; fileRef = B100000019; };
		A100000019 /* UpdateSettingsTab.swift in Sources */ = {isa = PBXBuildFile; fileRef = B100000020; };
		A100000022 /* GlobalHotkey.swift in Sources */ = {isa = PBXBuildFile; fileRef = B100000021; };
		A100000023 /* ShortcutsTab.swift in Sources */ = {isa = PBXBuildFile; fileRef = B100000022; };
		A200000001 /* ProtocolTests.swift in Sources */ = {isa = PBXBuildFile; fileRef = B200000001; };
		A200000002 /* OverlayPositionTests.swift in Sources */ = {isa = PBXBuildFile; fileRef = B200000002; };
		A200000003 /* AppSettingsOverlayTests.swift in Sources */ = {isa = PBXBuildFile; fileRef = B200000003; };
		A200000004 /* UpdateSettingsTests.swift in Sources */ = {isa = PBXBuildFile; fileRef = B200000004; };
		A100000024 /* OverlayPreset.swift in Sources */ = {isa = PBXBuildFile; fileRef = B100000023; };
		A200000005 /* OverlayPresetTests.swift in Sources */ = {isa = PBXBuildFile; fileRef = B200000005; };
/* End PBXBuildFile section */

/* Begin PBXContainerItemProxy section */
		G200000001 /* PBXContainerItemProxy */ = {
			isa = PBXContainerItemProxy;
			containerPortal = E100000010 /* Project object */;
			proxyType = 1;
			remoteGlobalIDString = E100000001;
			remoteInfo = EsperApp;
		};
/* End PBXContainerItemProxy section */

/* Begin PBXFileReference section */
		B100000001 /* EsperApp.swift */ = {isa = PBXFileReference; lastKnownFileType = sourcecode.swift; path = EsperApp.swift; sourceTree = "<group>"; };
		B100000002 /* ProcessBridge.swift */ = {isa = PBXFileReference; lastKnownFileType = sourcecode.swift; path = ProcessBridge.swift; sourceTree = "<group>"; };
		B100000003 /* TranscriptionEngine.swift */ = {isa = PBXFileReference; lastKnownFileType = sourcecode.swift; path = TranscriptionEngine.swift; sourceTree = "<group>"; };
		B100000004 /* Protocol.swift */ = {isa = PBXFileReference; lastKnownFileType = sourcecode.swift; path = Protocol.swift; sourceTree = "<group>"; };
		B100000005 /* AppSettings.swift */ = {isa = PBXFileReference; lastKnownFileType = sourcecode.swift; path = AppSettings.swift; sourceTree = "<group>"; };
		B100000006 /* MenuBarView.swift */ = {isa = PBXFileReference; lastKnownFileType = sourcecode.swift; path = MenuBarView.swift; sourceTree = "<group>"; };
		B100000007 /* MainWindowView.swift */ = {isa = PBXFileReference; lastKnownFileType = sourcecode.swift; path = MainWindowView.swift; sourceTree = "<group>"; };
		B100000008 /* TranscriptView.swift */ = {isa = PBXFileReference; lastKnownFileType = sourcecode.swift; path = TranscriptView.swift; sourceTree = "<group>"; };
		B100000009 /* AudioLevelMeter.swift */ = {isa = PBXFileReference; lastKnownFileType = sourcecode.swift; path = AudioLevelMeter.swift; sourceTree = "<group>"; };
		B100000010 /* SettingsView.swift */ = {isa = PBXFileReference; lastKnownFileType = sourcecode.swift; path = SettingsView.swift; sourceTree = "<group>"; };
		B100000011 /* StatusBadge.swift */ = {isa = PBXFileReference; lastKnownFileType = sourcecode.swift; path = StatusBadge.swift; sourceTree = "<group>"; };
		B100000012 /* Assets.xcassets */ = {isa = PBXFileReference; lastKnownFileType = folder.assetcatalog; path = Assets.xcassets; sourceTree = "<group>"; };
		B100000013 /* EsperApp.entitlements */ = {isa = PBXFileReference; lastKnownFileType = text.plist.entitlements; path = EsperApp.entitlements; sourceTree = "<group>"; };
		B100000014 /* KeychainHelper.swift */ = {isa = PBXFileReference; lastKnownFileType = sourcecode.swift; path = KeychainHelper.swift; sourceTree = "<group>"; };
		B100000015 /* OverlayPosition.swift */ = {isa = PBXFileReference; lastKnownFileType = sourcecode.swift; path = OverlayPosition.swift; sourceTree = "<group>"; };
		B100000017 /* TranscriptOverlayView.swift */ = {isa = PBXFileReference; lastKnownFileType = sourcecode.swift; path = TranscriptOverlayView.swift; sourceTree = "<group>"; };
		B100000016 /* TranscriptPanel.swift */ = {isa = PBXFileReference; lastKnownFileType = sourcecode.swift; path = TranscriptPanel.swift; sourceTree = "<group>"; };
		B100000018 /* OverlaySettingsTab.swift */ = {isa = PBXFileReference; lastKnownFileType = sourcecode.swift; path = OverlaySettingsTab.swift; sourceTree = "<group>"; };
		B100000019 /* CheckForUpdatesView.swift */ = {isa = PBXFileReference; lastKnownFileType = sourcecode.swift; path = CheckForUpdatesView.swift; sourceTree = "<group>"; };
		B100000020 /* UpdateSettingsTab.swift */ = {isa = PBXFileReference; lastKnownFileType = sourcecode.swift; path = UpdateSettingsTab.swift; sourceTree = "<group>"; };
		B100000021 /* GlobalHotkey.swift */ = {isa = PBXFileReference; lastKnownFileType = sourcecode.swift; path = GlobalHotkey.swift; sourceTree = "<group>"; };
		B100000022 /* ShortcutsTab.swift */ = {isa = PBXFileReference; lastKnownFileType = sourcecode.swift; path = ShortcutsTab.swift; sourceTree = "<group>"; };
		C100000001 /* EsperApp.app */ = {isa = PBXFileReference; explicitFileType = wrapper.application; includeInIndex = 0; path = EsperApp.app; sourceTree = BUILT_PRODUCTS_DIR; };
		B200000001 /* ProtocolTests.swift */ = {isa = PBXFileReference; lastKnownFileType = sourcecode.swift; path = ProtocolTests.swift; sourceTree = "<group>"; };
		B200000002 /* OverlayPositionTests.swift */ = {isa = PBXFileReference; lastKnownFileType = sourcecode.swift; path = OverlayPositionTests.swift; sourceTree = "<group>"; };
		B200000003 /* AppSettingsOverlayTests.swift */ = {isa = PBXFileReference; lastKnownFileType = sourcecode.swift; path = AppSettingsOverlayTests.swift; sourceTree = "<group>"; };
		B200000004 /* UpdateSettingsTests.swift */ = {isa = PBXFileReference; lastKnownFileType = sourcecode.swift; path = UpdateSettingsTests.swift; sourceTree = "<group>"; };
		B100000023 /* OverlayPreset.swift */ = {isa = PBXFileReference; lastKnownFileType = sourcecode.swift; path = OverlayPreset.swift; sourceTree = "<group>"; };
		B200000005 /* OverlayPresetTests.swift */ = {isa = PBXFileReference; lastKnownFileType = sourcecode.swift; path = OverlayPresetTests.swift; sourceTree = "<group>"; };
		C200000001 /* EsperAppTests.xctest */ = {isa = PBXFileReference; explicitFileType = wrapper.cfbundle; includeInIndex = 0; path = EsperAppTests.xctest; sourceTree = BUILT_PRODUCTS_DIR; };
/* End PBXFileReference section */

/* Begin PBXGroup section */
		D100000001 /* Root */ = {
			isa = PBXGroup;
			children = (
				D100000002 /* EsperApp */,
				D200000001 /* EsperAppTests */,
				D100000005 /* Products */,
			);
			sourceTree = "<group>";
		};
		D100000002 /* EsperApp */ = {
			isa = PBXGroup;
			children = (
				B100000001 /* EsperApp.swift */,
				B100000021 /* GlobalHotkey.swift */,
				B100000002 /* ProcessBridge.swift */,
				B100000003 /* TranscriptionEngine.swift */,
				B100000016 /* TranscriptPanel.swift */,
				D100000003 /* Models */,
				D100000004 /* Views */,
				D100000006 /* Helpers */,
				B100000012 /* Assets.xcassets */,
				B100000013 /* EsperApp.entitlements */,
			);
			path = EsperApp;
			sourceTree = "<group>";
		};
		D100000003 /* Models */ = {
			isa = PBXGroup;
			children = (
				B100000004 /* Protocol.swift */,
				B100000005 /* AppSettings.swift */,
				B100000023 /* OverlayPreset.swift */,
				B100000015 /* OverlayPosition.swift */,
			);
			path = Models;
			sourceTree = "<group>";
		};
		D100000006 /* Helpers */ = {
			isa = PBXGroup;
			children = (
				B100000014 /* KeychainHelper.swift */,
			);
			path = Helpers;
			sourceTree = "<group>";
		};
		D100000004 /* Views */ = {
			isa = PBXGroup;
			children = (
				B100000006 /* MenuBarView.swift */,
				B100000007 /* MainWindowView.swift */,
				B100000008 /* TranscriptView.swift */,
				B100000009 /* AudioLevelMeter.swift */,
				B100000010 /* SettingsView.swift */,
				B100000011 /* StatusBadge.swift */,
				B100000017 /* TranscriptOverlayView.swift */,
				B100000018 /* OverlaySettingsTab.swift */,
				B100000019 /* CheckForUpdatesView.swift */,
				B100000020 /* UpdateSettingsTab.swift */,
				B100000022 /* ShortcutsTab.swift */,
			);
			path = Views;
			sourceTree = "<group>";
		};
		D100000005 /* Products */ = {
			isa = PBXGroup;
			children = (
				C100000001 /* EsperApp.app */,
				C200000001 /* EsperAppTests.xctest */,
			);
			name = Products;
			sourceTree = "<group>";
		};
		D200000001 /* EsperAppTests */ = {
			isa = PBXGroup;
			children = (
				B200000001 /* ProtocolTests.swift */,
				B200000002 /* OverlayPositionTests.swift */,
				B200000003 /* AppSettingsOverlayTests.swift */,
				B200000004 /* UpdateSettingsTests.swift */,
				B200000005 /* OverlayPresetTests.swift */,
			);
			path = EsperAppTests;
			sourceTree = "<group>";
		};
/* End PBXGroup section */

/* Begin PBXNativeTarget section */
		E100000001 /* EsperApp */ = {
			isa = PBXNativeTarget;
			buildConfigurationList = F100000003 /* Build configuration list for PBXNativeTarget "EsperApp" */;
			buildPhases = (
				E100000002 /* Sources */,
				E100000003 /* Frameworks */,
				E100000004 /* Resources */,
				E100000005 /* Re-sign Sparkle Framework */,
			);
			buildRules = (
			);
			dependencies = (
			);
			name = EsperApp;
			packageProductDependencies = (
				SP00000002 /* Sparkle */,
				KS00000002 /* KeyboardShortcuts */,
			);
			productName = EsperApp;
			productReference = C100000001 /* EsperApp.app */;
			productType = "com.apple.product-type.application";
		};
		E200000001 /* EsperAppTests */ = {
			isa = PBXNativeTarget;
			buildConfigurationList = F200000003 /* Build configuration list for PBXNativeTarget "EsperAppTests" */;
			buildPhases = (
				E200000002 /* Sources */,
				E200000003 /* Frameworks */,
			);
			buildRules = (
			);
			dependencies = (
				H200000001 /* PBXTargetDependency */,
			);
			name = EsperAppTests;
			productName = EsperAppTests;
			productReference = C200000001 /* EsperAppTests.xctest */;
			productType = "com.apple.product-type.bundle.unit-test";
		};
/* End PBXNativeTarget section */

/* Begin PBXProject section */
		E100000010 /* Project object */ = {
			isa = PBXProject;
			attributes = {
				BuildIndependentTargetsInParallel = 1;
				LastSwiftUpdateCheck = 1540;
				LastUpgradeCheck = 1540;
			};
			buildConfigurationList = F100000001 /* Build configuration list for PBXProject "EsperApp" */;
			compatibilityVersion = "Xcode 14.0";
			developmentRegion = en;
			hasScannedForEncodings = 0;
			knownRegions = (
				en,
				Base,
			);
			mainGroup = D100000001 /* Root */;
			productRefGroup = D100000005 /* Products */;
			projectDirPath = "";
			projectRoot = "";
			packageReferences = (
				SP00000001 /* XCRemoteSwiftPackageReference "Sparkle" */,
				KS00000001 /* XCRemoteSwiftPackageReference "KeyboardShortcuts" */,
			);
			targets = (
				E100000001 /* EsperApp */,
				E200000001 /* EsperAppTests */,
			);
		};
/* End PBXProject section */

/* Begin PBXSourcesBuildPhase section */
		E100000002 /* Sources */ = {
			isa = PBXSourcesBuildPhase;
			buildActionMask = 2147483647;
			files = (
				A100000001 /* EsperApp.swift in Sources */,
				A100000002 /* ProcessBridge.swift in Sources */,
				A100000003 /* TranscriptionEngine.swift in Sources */,
				A100000004 /* Protocol.swift in Sources */,
				A100000005 /* AppSettings.swift in Sources */,
				A100000006 /* MenuBarView.swift in Sources */,
				A100000007 /* MainWindowView.swift in Sources */,
				A100000008 /* TranscriptView.swift in Sources */,
				A100000009 /* AudioLevelMeter.swift in Sources */,
				A100000010 /* SettingsView.swift in Sources */,
				A100000011 /* StatusBadge.swift in Sources */,
				A100000013 /* KeychainHelper.swift in Sources */,
				A100000014 /* OverlayPosition.swift in Sources */,
				A100000015 /* TranscriptPanel.swift in Sources */,
				A100000016 /* TranscriptOverlayView.swift in Sources */,
				A100000017 /* OverlaySettingsTab.swift in Sources */,
				A100000018 /* CheckForUpdatesView.swift in Sources */,
				A100000019 /* UpdateSettingsTab.swift in Sources */,
				A100000022 /* GlobalHotkey.swift in Sources */,
				A100000023 /* ShortcutsTab.swift in Sources */,
				A100000024 /* OverlayPreset.swift in Sources */,
			);
			runOnlyForDeploymentPostprocessing = 0;
		};
		E200000002 /* Sources */ = {
			isa = PBXSourcesBuildPhase;
			buildActionMask = 2147483647;
			files = (
				A200000001 /* ProtocolTests.swift in Sources */,
				A200000002 /* OverlayPositionTests.swift in Sources */,
				A200000003 /* AppSettingsOverlayTests.swift in Sources */,
				A200000004 /* UpdateSettingsTests.swift in Sources */,
				A200000005 /* OverlayPresetTests.swift in Sources */,
			);
			runOnlyForDeploymentPostprocessing = 0;
		};
/* End PBXSourcesBuildPhase section */

/* Begin PBXFrameworksBuildPhase section */
		E100000003 /* Frameworks */ = {
			isa = PBXFrameworksBuildPhase;
			buildActionMask = 2147483647;
			files = (
				A100000020 /* Sparkle in Frameworks */,
				A100000021 /* KeyboardShortcuts in Frameworks */,
			);
			runOnlyForDeploymentPostprocessing = 0;
		};
		E200000003 /* Frameworks */ = {
			isa = PBXFrameworksBuildPhase;
			buildActionMask = 2147483647;
			files = (
			);
			runOnlyForDeploymentPostprocessing = 0;
		};
/* End PBXFrameworksBuildPhase section */

/* Begin PBXResourcesBuildPhase section */
		E100000004 /* Resources */ = {
			isa = PBXResourcesBuildPhase;
			buildActionMask = 2147483647;
			files = (
				A100000012 /* Assets.xcassets in Resources */,
			);
			runOnlyForDeploymentPostprocessing = 0;
		};
/* End PBXResourcesBuildPhase section */

/* Begin PBXShellScriptBuildPhase section */
		E100000005 /* Re-sign Sparkle Framework */ = {
			isa = PBXShellScriptBuildPhase;
			alwaysOutOfDate = 1;
			buildActionMask = 2147483647;
			files = (
			);
			inputFileListPaths = (
			);
			inputPaths = (
			);
			name = "Re-sign Sparkle Framework";
			outputFileListPaths = (
			);
			outputPaths = (
			);
			runOnlyForDeploymentPostprocessing = 0;
			shellPath = /bin/sh;
			shellScript = "# Re-sign embedded Sparkle framework (build-dmg.sh re-signs everything for release)\nif [ -d \"$BUILT_PRODUCTS_DIR/$FRAMEWORKS_FOLDER_PATH/Sparkle.framework\" ]; then\n    find \"$BUILT_PRODUCTS_DIR/$FRAMEWORKS_FOLDER_PATH/Sparkle.framework\" -type f -perm +111 | while read f; do\n        file \"$f\" | grep -q Mach-O && codesign --force --sign \"${EXPANDED_CODE_SIGN_IDENTITY:--}\" \"$f\"\n    done\n    codesign --force --sign \"${EXPANDED_CODE_SIGN_IDENTITY:--}\" \"$BUILT_PRODUCTS_DIR/$FRAMEWORKS_FOLDER_PATH/Sparkle.framework\"\nfi\n";
		};
/* End PBXShellScriptBuildPhase section */

/* Begin PBXTargetDependency section */
		H200000001 /* PBXTargetDependency */ = {
			isa = PBXTargetDependency;
			target = E100000001 /* EsperApp */;
			targetProxy = G200000001 /* PBXContainerItemProxy */;
		};
/* End PBXTargetDependency section */

/* Begin XCBuildConfiguration section */
		F100000010 /* Debug */ = {
			isa = XCBuildConfiguration;
			buildSettings = {
				ALWAYS_SEARCH_USER_PATHS = NO;
				ASSETCATALOG_COMPILER_GENERATE_SWIFT_ASSET_SYMBOL_EXTENSIONS = YES;
				CLANG_ANALYZER_NONNULL = YES;
				CLANG_ANALYZER_NUMBER_OBJECT_CONVERSION = YES_AGGRESSIVE;
				CLANG_CXX_LANGUAGE_STANDARD = "gnu++20";
				CLANG_ENABLE_MODULES = YES;
				CLANG_ENABLE_OBJC_ARC = YES;
				CLANG_ENABLE_OBJC_WEAK = YES;
				CLANG_WARN_BLOCK_CAPTURE_AUTORELEASING = YES;
				CLANG_WARN_BOOL_CONVERSION = YES;
				CLANG_WARN_COMMA = YES;
				CLANG_WARN_CONSTANT_CONVERSION = YES;
				CLANG_WARN_DEPRECATED_OBJC_IMPLEMENTATIONS = YES;
				CLANG_WARN_DIRECT_OBJC_ISA_USAGE = YES_ERROR;
				CLANG_WARN_DOCUMENTATION_COMMENTS = YES;
				CLANG_WARN_EMPTY_BODY = YES;
				CLANG_WARN_ENUM_CONVERSION = YES;
				CLANG_WARN_INFINITE_RECURSION = YES;
				CLANG_WARN_INT_CONVERSION = YES;
				CLANG_WARN_NON_LITERAL_NULL_CONVERSION = YES;
				CLANG_WARN_OBJC_IMPLICIT_RETAIN_SELF = YES;
				CLANG_WARN_OBJC_LITERAL_CONVERSION = YES;
				CLANG_WARN_OBJC_ROOT_CLASS = YES_ERROR;
				CLANG_WARN_QUOTED_INCLUDE_IN_FRAMEWORK_HEADER = YES;
				CLANG_WARN_RANGE_LOOP_ANALYSIS = YES;
				CLANG_WARN_STRICT_PROTOTYPES = YES;
				CLANG_WARN_SUSPICIOUS_MOVE = YES;
				CLANG_WARN_UNGUARDED_AVAILABILITY = YES_AGGRESSIVE;
				CLANG_WARN_UNREACHABLE_CODE = YES;
				CLANG_WARN__DUPLICATE_METHOD_MATCH = YES;
				COPY_PHASE_STRIP = NO;
				DEBUG_INFORMATION_FORMAT = dwarf;
				ENABLE_STRICT_OBJC_MSGSEND = YES;
				ENABLE_TESTABILITY = YES;
				ENABLE_USER_SCRIPT_SANDBOXING = NO;
				GCC_C_LANGUAGE_STANDARD = gnu17;
				GCC_DYNAMIC_NO_PIC = NO;
				GCC_NO_COMMON_BLOCKS = YES;
				GCC_OPTIMIZATION_LEVEL = 0;
				GCC_PREPROCESSOR_DEFINITIONS = (
					"DEBUG=1",
					"$(inherited)",
				);
				GCC_WARN_64_TO_32_BIT_CONVERSION = YES;
				GCC_WARN_ABOUT_RETURN_TYPE = YES_ERROR;
				GCC_WARN_UNDECLARED_SELECTOR = YES;
				GCC_WARN_UNINITIALIZED_AUTOS = YES_AGGRESSIVE;
				GCC_WARN_UNUSED_FUNCTION = YES;
				GCC_WARN_UNUSED_VARIABLE = YES;
				MACOSX_DEPLOYMENT_TARGET = 14.0;
				MTL_ENABLE_DEBUG_INFO = INCLUDE_SOURCE;
				MTL_FAST_MATH = YES;
				ONLY_ACTIVE_ARCH = YES;
				SDKROOT = macosx;
				SWIFT_ACTIVE_COMPILATION_CONDITIONS = "DEBUG $(inherited)";
				SWIFT_OPTIMIZATION_LEVEL = "-Onone";
			};
			name = Debug;
		};
		F100000011 /* Release */ = {
			isa = XCBuildConfiguration;
			buildSettings = {
				ALWAYS_SEARCH_USER_PATHS = NO;
				ASSETCATALOG_COMPILER_GENERATE_SWIFT_ASSET_SYMBOL_EXTENSIONS = YES;
				CLANG_ANALYZER_NONNULL = YES;
				CLANG_ANALYZER_NUMBER_OBJECT_CONVERSION = YES_AGGRESSIVE;
				CLANG_CXX_LANGUAGE_STANDARD = "gnu++20";
				CLANG_ENABLE_MODULES = YES;
				CLANG_ENABLE_OBJC_ARC = YES;
				CLANG_ENABLE_OBJC_WEAK = YES;
				CLANG_WARN_BLOCK_CAPTURE_AUTORELEASING = YES;
				CLANG_WARN_BOOL_CONVERSION = YES;
				CLANG_WARN_COMMA = YES;
				CLANG_WARN_CONSTANT_CONVERSION = YES;
				CLANG_WARN_DEPRECATED_OBJC_IMPLEMENTATIONS = YES;
				CLANG_WARN_DIRECT_OBJC_ISA_USAGE = YES_ERROR;
				CLANG_WARN_DOCUMENTATION_COMMENTS = YES;
				CLANG_WARN_EMPTY_BODY = YES;
				CLANG_WARN_ENUM_CONVERSION = YES;
				CLANG_WARN_INFINITE_RECURSION = YES;
				CLANG_WARN_INT_CONVERSION = YES;
				CLANG_WARN_NON_LITERAL_NULL_CONVERSION = YES;
				CLANG_WARN_OBJC_IMPLICIT_RETAIN_SELF = YES;
				CLANG_WARN_OBJC_LITERAL_CONVERSION = YES;
				CLANG_WARN_OBJC_ROOT_CLASS = YES_ERROR;
				CLANG_WARN_QUOTED_INCLUDE_IN_FRAMEWORK_HEADER = YES;
				CLANG_WARN_RANGE_LOOP_ANALYSIS = YES;
				CLANG_WARN_STRICT_PROTOTYPES = YES;
				CLANG_WARN_SUSPICIOUS_MOVE = YES;
				CLANG_WARN_UNGUARDED_AVAILABILITY = YES_AGGRESSIVE;
				CLANG_WARN_UNREACHABLE_CODE = YES;
				CLANG_WARN__DUPLICATE_METHOD_MATCH = YES;
				COPY_PHASE_STRIP = NO;
				DEBUG_INFORMATION_FORMAT = "dwarf-with-dsym";
				ENABLE_NS_ASSERTIONS = NO;
				ENABLE_STRICT_OBJC_MSGSEND = YES;
				ENABLE_USER_SCRIPT_SANDBOXING = NO;
				GCC_C_LANGUAGE_STANDARD = gnu17;
				GCC_NO_COMMON_BLOCKS = YES;
				GCC_WARN_64_TO_32_BIT_CONVERSION = YES;
				GCC_WARN_ABOUT_RETURN_TYPE = YES_ERROR;
				GCC_WARN_UNDECLARED_SELECTOR = YES;
				GCC_WARN_UNINITIALIZED_AUTOS = YES_AGGRESSIVE;
				GCC_WARN_UNUSED_FUNCTION = YES;
				GCC_WARN_UNUSED_VARIABLE = YES;
				MACOSX_DEPLOYMENT_TARGET = 14.0;
				MTL_ENABLE_DEBUG_INFO = NO;
				MTL_FAST_MATH = YES;
				SDKROOT = macosx;
				SWIFT_COMPILATION_MODE = wholemodule;
			};
			name = Release;
		};
		F100000020 /* Debug */ = {
			isa = XCBuildConfiguration;
			buildSettings = {
				ASSETCATALOG_COMPILER_APPICON_NAME = AppIcon;
				CODE_SIGN_ENTITLEMENTS = "EsperApp/EsperApp.entitlements";
				CODE_SIGN_STYLE = Automatic;
				COMBINE_HIDPI_IMAGES = YES;
				CURRENT_PROJECT_VERSION = 1;
				ENABLE_APP_SANDBOX = NO;
				ENABLE_HARDENED_RUNTIME = YES;
				GENERATE_INFOPLIST_FILE = YES;
				INFOPLIST_FILE = EsperApp/Info.plist;
				INFOPLIST_KEY_LSUIElement = NO;
				INFOPLIST_KEY_NSHumanReadableCopyright = "Copyright © 2025 Esper. All rights reserved.";
				INFOPLIST_KEY_NSMicrophoneUsageDescription = "Esper needs microphone access to transcribe your speech in real-time.";
				LD_RUNPATH_SEARCH_PATHS = (
					"$(inherited)",
					"@executable_path/../Frameworks",
				);
				MARKETING_VERSION = 2.1.0;
				PRODUCT_BUNDLE_IDENTIFIER = com.esper.app;
				PRODUCT_NAME = "$(TARGET_NAME)";
				SWIFT_EMIT_LOC_STRINGS = YES;
				SWIFT_VERSION = 5.0;
			};
			name = Debug;
		};
		F100000021 /* Release */ = {
			isa = XCBuildConfiguration;
			buildSettings = {
				ASSETCATALOG_COMPILER_APPICON_NAME = AppIcon;
				CODE_SIGN_ENTITLEMENTS = "EsperApp/EsperApp.entitlements";
				CODE_SIGN_STYLE = Automatic;
				COMBINE_HIDPI_IMAGES = YES;
				CURRENT_PROJECT_VERSION = 1;
				ENABLE_APP_SANDBOX = NO;
				ENABLE_HARDENED_RUNTIME = YES;
				GENERATE_INFOPLIST_FILE = YES;
				INFOPLIST_FILE = EsperApp/Info.plist;
				INFOPLIST_KEY_LSUIElement = NO;
				INFOPLIST_KEY_NSHumanReadableCopyright = "Copyright © 2025 Esper. All rights reserved.";
				INFOPLIST_KEY_NSMicrophoneUsageDescription = "Esper needs microphone access to transcribe your speech in real-time.";
				LD_RUNPATH_SEARCH_PATHS = (
					"$(inherited)",
					"@executable_path/../Frameworks",
				);
				MARKETING_VERSION = 2.1.0;
				PRODUCT_BUNDLE_IDENTIFIER = com.esper.app;
				PRODUCT_NAME = "$(TARGET_NAME)";
				SWIFT_EMIT_LOC_STRINGS = YES;
				SWIFT_VERSION = 5.0;
			};
			name = Release;
		};
		F200000020 /* Debug */ = {
			isa = XCBuildConfiguration;
			buildSettings = {
				BUNDLE_LOADER = "$(TEST_HOST)";
				CODE_SIGN_STYLE = Automatic;
				CURRENT_PROJECT_VERSION = 1;
				GENERATE_INFOPLIST_FILE = YES;
				MACOSX_DEPLOYMENT_TARGET = 14.0;
				MARKETING_VERSION = 1.0;
				PRODUCT_BUNDLE_IDENTIFIER = com.esper.app.tests;
				PRODUCT_NAME = "$(TARGET_NAME)";
				SWIFT_EMIT_LOC_STRINGS = NO;
				SWIFT_VERSION = 5.0;
				TEST_HOST = "$(BUILT_PRODUCTS_DIR)/EsperApp.app/Contents/MacOS/EsperApp";
			};
			name = Debug;
		};
		F200000021 /* Release */ = {
			isa = XCBuildConfiguration;
			buildSettings = {
				BUNDLE_LOADER = "$(TEST_HOST)";
				CODE_SIGN_STYLE = Automatic;
				CURRENT_PROJECT_VERSION = 1;
				GENERATE_INFOPLIST_FILE = YES;
				MACOSX_DEPLOYMENT_TARGET = 14.0;
				MARKETING_VERSION = 1.0;
				PRODUCT_BUNDLE_IDENTIFIER = com.esper.app.tests;
				PRODUCT_NAME = "$(TARGET_NAME)";
				SWIFT_EMIT_LOC_STRINGS = NO;
				SWIFT_VERSION = 5.0;
				TEST_HOST = "$(BUILT_PRODUCTS_DIR)/EsperApp.app/Contents/MacOS/EsperApp";
			};
			name = Release;
		};
/* End XCBuildConfiguration section */

/* Begin XCConfigurationList section */
		F100000001 /* Build configuration list for PBXProject "EsperApp" */ = {
			isa = XCConfigurationList;
			buildConfigurations = (
				F100000010 /* Debug */,
				F100000011 /* Release */,
			);
			defaultConfigurationIsVisible = 0;
			defaultConfigurationName = Release;
		};
		F100000003 /* Build configuration list for PBXNativeTarget "EsperApp" */ = {
			isa = XCConfigurationList;
			buildConfigurations = (
				F100000020 /* Debug */,
				F100000021 /* Release */,
			);
			defaultConfigurationIsVisible = 0;
			defaultConfigurationName = Release;
		};
		F200000003 /* Build configuration list for PBXNativeTarget "EsperAppTests" */ = {
			isa = XCConfigurationList;
			buildConfigurations = (
				F200000020 /* Debug */,
				F200000021 /* Release */,
			);
			defaultConfigurationIsVisible = 0;
			defaultConfigurationName = Release;
		};
/* End XCConfigurationList section */

/* Begin XCRemoteSwiftPackageReference section */
		SP00000001 /* XCRemoteSwiftPackageReference "Sparkle" */ = {
			isa = XCRemoteSwiftPackageReference;
			repositoryURL = "https://github.com/sparkle-project/Sparkle";
			requirement = {
				kind = upToNextMajorVersion;
				minimumVersion = 2.0.0;
			};
		};
		KS00000001 /* XCRemoteSwiftPackageReference "KeyboardShortcuts" */ = {
			isa = XCRemoteSwiftPackageReference;
			repositoryURL = "https://github.com/sindresorhus/KeyboardShortcuts";
			requirement = {
				kind = upToNextMajorVersion;
				minimumVersion = 2.0.0;
			};
		};
/* End XCRemoteSwiftPackageReference section */

/* Begin XCSwiftPackageProductDependency section */
		SP00000002 /* Sparkle */ = {
			isa = XCSwiftPackageProductDependency;
			package = SP00000001 /* XCRemoteSwiftPackageReference "Sparkle" */;
			productName = Sparkle;
		};
		KS00000002 /* KeyboardShortcuts */ = {
			isa = XCSwiftPackageProductDependency;
			package = KS00000001 /* XCRemoteSwiftPackageReference "KeyboardShortcuts" */;
			productName = KeyboardShortcuts;
		};
/* End XCSwiftPackageProductDependency section */

	};
	rootObject = E100000010 /* Project object */;
}
